
Microsoft Visual Studio Solution File, Format Version 12.00
# Visual Studio Version 17
VisualStudioVersion = 17.4.33205.214
MinimumVisualStudioVersion = 10.0.40219.1
Project("{FAE04EC0-301F-11D3-BF4B-00C04F79EFBC}") = "Labwork 14.02.2023", "Labwork 14.02.2023.csproj", "{D9FCE26F-572F-4027-B990-1F089E8324AA}"
EndProject
Global
	GlobalSection(SolutionConfigurationPlatforms) = preSolution
		Debug|Any CPU = Debug|Any CPU
		Release|Any CPU = Release|Any CPU
	EndGlobalSection
	GlobalSection(ProjectConfigurationPlatforms) = postSolution
		{D9FCE26F-572F-4027-B990-1F089E8324AA}.Debug|Any CPU.ActiveCfg = Debug|Any CPU
		{D9FCE26F-572F-4027-B990-1F089E8324AA}.Debug|Any CPU.Build.0 = Debug|Any CPU
		{D9FCE26F-572F-4027-B990-1F089E8324AA}.Release|Any CPU.ActiveCfg = Release|Any CPU
		{D9FCE26F-572F-4027-B990-1F089E8324AA}.Release|Any CPU.Build.0 = Release|Any CPU
	EndGlobalSection
	GlobalSection(SolutionProperties) = preSolution
		HideSolutionNode = FALSE
	EndGlobalSection
	GlobalSection(ExtensibilityGlobals) = postSolution
		SolutionGuid = {85C209F9-CCA1-487C-94DB-F7BC4F99736C}
	EndGlobalSection
EndGlobal
